
Microsoft Visual Studio Solution File, Format Version 12.00
# Visual Studio Version 16
VisualStudioVersion = 16.0.31613.86
MinimumVisualStudioVersion = 10.0.40219.1
Project("{9A19103F-16F7-4668-BE54-9A1E7A4F7556}") = "C4ImagingNetCore", "C4ImagingNetCore.csproj", "{4D2B1ADA-1D2E-4886-842B-48F20D14779F}"
EndProject
Project("{9A19103F-16F7-4668-BE54-9A1E7A4F7556}") = "C4ImagingNetCore.UI", "..\C4ImagingingNetCore.UI\C4ImagingNetCore.UI.csproj", "{904C2C4E-2F8A-499A-9867-3DBFFF4DD460}"
EndProject
Project("{9A19103F-16F7-4668-BE54-9A1E7A4F7556}") = "C4.ImaginingNetCore.Notifier.Logging", "..\C4.ImaginingNetCore.Notifier.Logging\C4.ImaginingNetCore.Notifier.Logging.csproj", "{C5E93DB7-CE08-4196-83C3-35882EFEC549}"
EndProject
Project("{9A19103F-16F7-4668-BE54-9A1E7A4F7556}") = "C4ImagingNetCore.Backend", "..\C4ImagingNetCore.Backend\C4ImagingNetCore.Backend.csproj", "{C98B6919-888B-4E5D-A412-C922283F7C10}"
EndProject
Project("{9A19103F-16F7-4668-BE54-9A1E7A4F7556}") = "C4ImagingNetCore.Helpers", "..\C4ImagingNetCore.MathsHelper\C4ImagingNetCore.Helpers.csproj", "{21284A52-9094-496B-870A-48A51AF5D5A9}"
EndProject
Project("{9A19103F-16F7-4668-BE54-9A1E7A4F7556}") = "Workflow.States.Generic.Cat.Img", "..\C4imagingNetCore.Workflow.Srv\Workflow.States.Generic.Cat.Img.csproj", "{B8A50D51-1C8B-4E93-85BE-E4F7078CED99}"
EndProject
Global
	GlobalSection(SolutionConfigurationPlatforms) = preSolution
		Debug|Any CPU = Debug|Any CPU
		Release|Any CPU = Release|Any CPU
	EndGlobalSection
	GlobalSection(ProjectConfigurationPlatforms) = postSolution
		{4D2B1ADA-1D2E-4886-842B-48F20D14779F}.Debug|Any CPU.ActiveCfg = Debug|Any CPU
		{4D2B1ADA-1D2E-4886-842B-48F20D14779F}.Debug|Any CPU.Build.0 = Debug|Any CPU
		{4D2B1ADA-1D2E-4886-842B-48F20D14779F}.Release|Any CPU.ActiveCfg = Release|Any CPU
		{4D2B1ADA-1D2E-4886-842B-48F20D14779F}.Release|Any CPU.Build.0 = Release|Any CPU
		{904C2C4E-2F8A-499A-9867-3DBFFF4DD460}.Debug|Any CPU.ActiveCfg = Debug|Any CPU
		{904C2C4E-2F8A-499A-9867-3DBFFF4DD460}.Debug|Any CPU.Build.0 = Debug|Any CPU
		{904C2C4E-2F8A-499A-9867-3DBFFF4DD460}.Release|Any CPU.ActiveCfg = Release|Any CPU
		{904C2C4E-2F8A-499A-9867-3DBFFF4DD460}.Release|Any CPU.Build.0 = Release|Any CPU
		{C5E93DB7-CE08-4196-83C3-35882EFEC549}.Debug|Any CPU.ActiveCfg = Debug|Any CPU
		{C5E93DB7-CE08-4196-83C3-35882EFEC549}.Debug|Any CPU.Build.0 = Debug|Any CPU
		{C5E93DB7-CE08-4196-83C3-35882EFEC549}.Release|Any CPU.ActiveCfg = Release|Any CPU
		{C5E93DB7-CE08-4196-83C3-35882EFEC549}.Release|Any CPU.Build.0 = Release|Any CPU
		{C98B6919-888B-4E5D-A412-C922283F7C10}.Debug|Any CPU.ActiveCfg = Debug|Any CPU
		{C98B6919-888B-4E5D-A412-C922283F7C10}.Debug|Any CPU.Build.0 = Debug|Any CPU
		{C98B6919-888B-4E5D-A412-C922283F7C10}.Release|Any CPU.ActiveCfg = Release|Any CPU
		{C98B6919-888B-4E5D-A412-C922283F7C10}.Release|Any CPU.Build.0 = Release|Any CPU
		{21284A52-9094-496B-870A-48A51AF5D5A9}.Debug|Any CPU.ActiveCfg = Debug|Any CPU
		{21284A52-9094-496B-870A-48A51AF5D5A9}.Debug|Any CPU.Build.0 = Debug|Any CPU
		{21284A52-9094-496B-870A-48A51AF5D5A9}.Release|Any CPU.ActiveCfg = Release|Any CPU
		{21284A52-9094-496B-870A-48A51AF5D5A9}.Release|Any CPU.Build.0 = Release|Any CPU
		{B8A50D51-1C8B-4E93-85BE-E4F7078CED99}.Debug|Any CPU.ActiveCfg = Debug|Any CPU
		{B8A50D51-1C8B-4E93-85BE-E4F7078CED99}.Debug|Any CPU.Build.0 = Debug|Any CPU
		{B8A50D51-1C8B-4E93-85BE-E4F7078CED99}.Release|Any CPU.ActiveCfg = Release|Any CPU
		{B8A50D51-1C8B-4E93-85BE-E4F7078CED99}.Release|Any CPU.Build.0 = Release|Any CPU
	EndGlobalSection
	GlobalSection(SolutionProperties) = preSolution
		HideSolutionNode = FALSE
	EndGlobalSection
	GlobalSection(ExtensibilityGlobals) = postSolution
		SolutionGuid = {4172455E-6BE3-45F7-9705-B9BB2BCA6977}
	EndGlobalSection
EndGlobal
